// !$*UTF8*$!
{
	archiveVersion = 1;
	classes = {
	};
	objectVersion = 50;
	objects = {

/* Begin PBXBuildFile section */
		5EFCD62D26F0F28F009A09F4 /* AppDelegate.swift in Sources */ = {isa = PBXBuildFile; fileRef = 5EFCD62C26F0F28F009A09F4 /* AppDelegate.swift */; };
		5EFCD62F26F0F28F009A09F4 /* SceneDelegate.swift in Sources */ = {isa = PBXBuildFile; fileRef = 5EFCD62E26F0F28F009A09F4 /* SceneDelegate.swift */; };
		5EFCD63126F0F28F009A09F4 /* InitialViewController.swift in Sources */ = {isa = PBXBuildFile; fileRef = 5EFCD63026F0F28F009A09F4 /* InitialViewController.swift */; };
		5EFCD63426F0F28F009A09F4 /* Main.storyboard in Resources */ = {isa = PBXBuildFile; fileRef = 5EFCD63226F0F28F009A09F4 /* Main.storyboard */; };
		5EFCD63626F0F292009A09F4 /* Assets.xcassets in Resources */ = {isa = PBXBuildFile; fileRef = 5EFCD63526F0F292009A09F4 /* Assets.xcassets */; };
		5EFCD63926F0F292009A09F4 /* LaunchScreen.storyboard in Resources */ = {isa = PBXBuildFile; fileRef = 5EFCD63726F0F292009A09F4 /* LaunchScreen.storyboard */; };
		D251D96F26F1DC7F0025F1DC /* TestViewController.swift in Sources */ = {isa = PBXBuildFile; fileRef = D251D96E26F1DC7F0025F1DC /* TestViewController.swift */; };
		D251D97126F1DCA80025F1DC /* ProfileViewController.swift in Sources */ = {isa = PBXBuildFile; fileRef = D251D97026F1DCA80025F1DC /* ProfileViewController.swift */; };
		D291CF7326F33D2B00B94082 /* CustomCollectionViewCell.swift in Sources */ = {isa = PBXBuildFile; fileRef = D291CF7226F33D2B00B94082 /* CustomCollectionViewCell.swift */; };
/* End PBXBuildFile section */

/* Begin PBXFileReference section */
		5EFCD62926F0F28F009A09F4 /* Lesson2Xcode.app */ = {isa = PBXFileReference; explicitFileType = wrapper.application; includeInIndex = 0; path = Lesson2Xcode.app; sourceTree = BUILT_PRODUCTS_DIR; };
		5EFCD62C26F0F28F009A09F4 /* AppDelegate.swift */ = {isa = PBXFileReference; lastKnownFileType = sourcecode.swift; path = AppDelegate.swift; sourceTree = "<group>"; };
		5EFCD62E26F0F28F009A09F4 /* SceneDelegate.swift */ = {isa = PBXFileReference; lastKnownFileType = sourcecode.swift; path = SceneDelegate.swift; sourceTree = "<group>"; };
		5EFCD63026F0F28F009A09F4 /* InitialViewController.swift */ = {isa = PBXFileReference; lastKnownFileType = sourcecode.swift; path = InitialViewController.swift; sourceTree = "<group>"; };
		5EFCD63326F0F28F009A09F4 /* Base */ = {isa = PBXFileReference; lastKnownFileType = file.storyboard; name = Base; path = Base.lproj/Main.storyboard; sourceTree = "<group>"; };
		5EFCD63526F0F292009A09F4 /* Assets.xcassets */ = {isa = PBXFileReference; lastKnownFileType = folder.assetcatalog; path = Assets.xcassets; sourceTree = "<group>"; };
		5EFCD63826F0F292009A09F4 /* Base */ = {isa = PBXFileReference; lastKnownFileType = file.storyboard; name = Base; path = Base.lproj/LaunchScreen.storyboard; sourceTree = "<group>"; };
		5EFCD63A26F0F292009A09F4 /* Info.plist */ = {isa = PBXFileReference; lastKnownFileType = text.plist.xml; path = Info.plist; sourceTree = "<group>"; };
		D251D96E26F1DC7F0025F1DC /* TestViewController.swift */ = {isa = PBXFileReference; lastKnownFileType = sourcecode.swift; path = TestViewController.swift; sourceTree = "<group>"; };
		D251D97026F1DCA80025F1DC /* ProfileViewController.swift */ = {isa = PBXFileReference; lastKnownFileType = sourcecode.swift; path = ProfileViewController.swift; sourceTree = "<group>"; };
		D291CF7226F33D2B00B94082 /* CustomCollectionViewCell.swift */ = {isa = PBXFileReference; lastKnownFileType = sourcecode.swift; path = CustomCollectionViewCell.swift; sourceTree = "<group>"; };
/* End PBXFileReference section */

/* Begin PBXFrameworksBuildPhase section */
		5EFCD62626F0F28F009A09F4 /* Frameworks */ = {
			isa = PBXFrameworksBuildPhase;
			buildActionMask = 2147483647;
			files = (
			);
			runOnlyForDeploymentPostprocessing = 0;
		};
/* End PBXFrameworksBuildPhase section */

/* Begin PBXGroup section */
		5EFCD62026F0F28F009A09F4 = {
			isa = PBXGroup;
			children = (
				5EFCD62B26F0F28F009A09F4 /* Lesson2Xcode */,
				5EFCD62A26F0F28F009A09F4 /* Products */,
			);
			sourceTree = "<group>";
		};
		5EFCD62A26F0F28F009A09F4 /* Products */ = {
			isa = PBXGroup;
			children = (
				5EFCD62926F0F28F009A09F4 /* Lesson2Xcode.app */,
			);
			name = Products;
			sourceTree = "<group>";
		};
		5EFCD62B26F0F28F009A09F4 /* Lesson2Xcode */ = {
			isa = PBXGroup;
			children = (
				D251D96C26F1D3E40025F1DC /* Controller */,
				D251D96B26F1D3DC0025F1DC /* View */,
				D251D96A26F1D3D70025F1DC /* Model */,
				5EFCD63526F0F292009A09F4 /* Assets.xcassets */,
				5EFCD63A26F0F292009A09F4 /* Info.plist */,
			);
			path = Lesson2Xcode;
			sourceTree = "<group>";
		};
		D251D96A26F1D3D70025F1DC /* Model */ = {
			isa = PBXGroup;
			children = (
				D251D96D26F1D3EE0025F1DC /* Delegates */,
			);
			path = Model;
			sourceTree = "<group>";
		};
		D251D96B26F1D3DC0025F1DC /* View */ = {
			isa = PBXGroup;
			children = (
				5EFCD63726F0F292009A09F4 /* LaunchScreen.storyboard */,
				5EFCD63226F0F28F009A09F4 /* Main.storyboard */,
				D291CF7226F33D2B00B94082 /* CustomCollectionViewCell.swift */,
			);
			path = View;
			sourceTree = "<group>";
		};
		D251D96C26F1D3E40025F1DC /* Controller */ = {
			isa = PBXGroup;
			children = (
				5EFCD63026F0F28F009A09F4 /* InitialViewController.swift */,
				D251D96E26F1DC7F0025F1DC /* TestViewController.swift */,
				D251D97026F1DCA80025F1DC /* ProfileViewController.swift */,
			);
			path = Controller;
			sourceTree = "<group>";
		};
		D251D96D26F1D3EE0025F1DC /* Delegates */ = {
			isa = PBXGroup;
			children = (
				5EFCD62C26F0F28F009A09F4 /* AppDelegate.swift */,
				5EFCD62E26F0F28F009A09F4 /* SceneDelegate.swift */,
			);
			path = Delegates;
			sourceTree = "<group>";
		};
/* End PBXGroup section */

/* Begin PBXNativeTarget section */
		5EFCD62826F0F28F009A09F4 /* Lesson2Xcode */ = {
			isa = PBXNativeTarget;
			buildConfigurationList = 5EFCD63D26F0F292009A09F4 /* Build configuration list for PBXNativeTarget "Lesson2Xcode" */;
			buildPhases = (
				5EFCD62526F0F28F009A09F4 /* Sources */,
				5EFCD62626F0F28F009A09F4 /* Frameworks */,
				5EFCD62726F0F28F009A09F4 /* Resources */,
			);
			buildRules = (
			);
			dependencies = (
			);
			name = Lesson2Xcode;
			productName = Lesson2Xcode;
			productReference = 5EFCD62926F0F28F009A09F4 /* Lesson2Xcode.app */;
			productType = "com.apple.product-type.application";
		};
/* End PBXNativeTarget section */

/* Begin PBXProject section */
		5EFCD62126F0F28F009A09F4 /* Project object */ = {
			isa = PBXProject;
			attributes = {
				LastSwiftUpdateCheck = 1250;
				LastUpgradeCheck = 1250;
				TargetAttributes = {
					5EFCD62826F0F28F009A09F4 = {
						CreatedOnToolsVersion = 12.5.1;
					};
				};
			};
			buildConfigurationList = 5EFCD62426F0F28F009A09F4 /* Build configuration list for PBXProject "Lesson2Xcode" */;
			compatibilityVersion = "Xcode 9.3";
			developmentRegion = en;
			hasScannedForEncodings = 0;
			knownRegions = (
				en,
				Base,
			);
			mainGroup = 5EFCD62026F0F28F009A09F4;
			productRefGroup = 5EFCD62A26F0F28F009A09F4 /* Products */;
			projectDirPath = "";
			projectRoot = "";
			targets = (
				5EFCD62826F0F28F009A09F4 /* Lesson2Xcode */,
			);
		};
/* End PBXProject section */

/* Begin PBXResourcesBuildPhase section */
		5EFCD62726F0F28F009A09F4 /* Resources */ = {
			isa = PBXResourcesBuildPhase;
			buildActionMask = 2147483647;
			files = (
				5EFCD63926F0F292009A09F4 /* LaunchScreen.storyboard in Resources */,
				5EFCD63626F0F292009A09F4 /* Assets.xcassets in Resources */,
				5EFCD63426F0F28F009A09F4 /* Main.storyboard in Resources */,
			);
			runOnlyForDeploymentPostprocessing = 0;
		};
/* End PBXResourcesBuildPhase section */

/* Begin PBXSourcesBuildPhase section */
		5EFCD62526F0F28F009A09F4 /* Sources */ = {
			isa = PBXSourcesBuildPhase;
			buildActionMask = 2147483647;
			files = (
				5EFCD63126F0F28F009A09F4 /* InitialViewController.swift in Sources */,
				D291CF7326F33D2B00B94082 /* CustomCollectionViewCell.swift in Sources */,
				5EFCD62D26F0F28F009A09F4 /* AppDelegate.swift in Sources */,
				D251D97126F1DCA80025F1DC /* ProfileViewController.swift in Sources */,
				D251D96F26F1DC7F0025F1DC /* TestViewController.swift in Sources */,
				5EFCD62F26F0F28F009A09F4 /* SceneDelegate.swift in Sources */,
			);
			runOnlyForDeploymentPostprocessing = 0;
		};
/* End PBXSourcesBuildPhase section */

/* Begin PBXVariantGroup section */
		5EFCD63226F0F28F009A09F4 /* Main.storyboard */ = {
			isa = PBXVariantGroup;
			children = (
				5EFCD63326F0F28F009A09F4 /* Base */,
			);
			name = Main.storyboard;
			sourceTree = "<group>";
		};
		5EFCD63726F0F292009A09F4 /* LaunchScreen.storyboard */ = {
			isa = PBXVariantGroup;
			children = (
				5EFCD63826F0F292009A09F4 /* Base */,
			);
			name = LaunchScreen.storyboard;
			sourceTree = "<group>";
		};
/* End PBXVariantGroup section */

/* Begin XCBuildConfiguration section */
		5EFCD63B26F0F292009A09F4 /* Debug */ = {
			isa = XCBuildConfiguration;
			buildSettings = {
				ALWAYS_SEARCH_USER_PATHS = NO;
				CLANG_ANALYZER_NONNULL = YES;
				CLANG_ANALYZER_NUMBER_OBJECT_CONVERSION = YES_AGGRESSIVE;
				CLANG_CXX_LANGUAGE_STANDARD = "gnu++14";
				CLANG_CXX_LIBRARY = "libc++";
				CLANG_ENABLE_MODULES = YES;
				CLANG_ENABLE_OBJC_ARC = YES;
				CLANG_ENABLE_OBJC_WEAK = YES;
				CLANG_WARN_BLOCK_CAPTURE_AUTORELEASING = YES;
				CLANG_WARN_BOOL_CONVERSION = YES;
				CLANG_WARN_COMMA = YES;
				CLANG_WARN_CONSTANT_CONVERSION = YES;
				CLANG_WARN_DEPRECATED_OBJC_IMPLEMENTATIONS = YES;
				CLANG_WARN_DIRECT_OBJC_ISA_USAGE = YES_ERROR;
				CLANG_WARN_DOCUMENTATION_COMMENTS = YES;
				CLANG_WARN_EMPTY_BODY = YES;
				CLANG_WARN_ENUM_CONVERSION = YES;
				CLANG_WARN_INFINITE_RECURSION = YES;
				CLANG_WARN_INT_CONVERSION = YES;
				CLANG_WARN_NON_LITERAL_NULL_CONVERSION = YES;
				CLANG_WARN_OBJC_IMPLICIT_RETAIN_SELF = YES;
				CLANG_WARN_OBJC_LITERAL_CONVERSION = YES;
				CLANG_WARN_OBJC_ROOT_CLASS = YES_ERROR;
				CLANG_WARN_QUOTED_INCLUDE_IN_FRAMEWORK_HEADER = YES;
				CLANG_WARN_RANGE_LOOP_ANALYSIS = YES;
				CLANG_WARN_STRICT_PROTOTYPES = YES;
				CLANG_WARN_SUSPICIOUS_MOVE = YES;
				CLANG_WARN_UNGUARDED_AVAILABILITY = YES_AGGRESSIVE;
				CLANG_WARN_UNREACHABLE_CODE = YES;
				CLANG_WARN__DUPLICATE_METHOD_MATCH = YES;
				COPY_PHASE_STRIP = NO;
				DEBUG_INFORMATION_FORMAT = dwarf;
				ENABLE_STRICT_OBJC_MSGSEND = YES;
				ENABLE_TESTABILITY = YES;
				GCC_C_LANGUAGE_STANDARD = gnu11;
				GCC_DYNAMIC_NO_PIC = NO;
				GCC_NO_COMMON_BLOCKS = YES;
				GCC_OPTIMIZATION_LEVEL = 0;
				GCC_PREPROCESSOR_DEFINITIONS = (
					"DEBUG=1",
					"$(inherited)",
				);
				GCC_WARN_64_TO_32_BIT_CONVERSION = YES;
				GCC_WARN_ABOUT_RETURN_TYPE = YES_ERROR;
				GCC_WARN_UNDECLARED_SELECTOR = YES;
				GCC_WARN_UNINITIALIZED_AUTOS = YES_AGGRESSIVE;
				GCC_WARN_UNUSED_FUNCTION = YES;
				GCC_WARN_UNUSED_VARIABLE = YES;
				IPHONEOS_DEPLOYMENT_TARGET = 14.5;
				MTL_ENABLE_DEBUG_INFO = INCLUDE_SOURCE;
				MTL_FAST_MATH = YES;
				ONLY_ACTIVE_ARCH = YES;
				SDKROOT = iphoneos;
				SWIFT_ACTIVE_COMPILATION_CONDITIONS = DEBUG;
				SWIFT_OPTIMIZATION_LEVEL = "-Onone";
			};
			name = Debug;
		};
		5EFCD63C26F0F292009A09F4 /* Release */ = {
			isa = XCBuildConfiguration;
			buildSettings = {
				ALWAYS_SEARCH_USER_PATHS = NO;
				CLANG_ANALYZER_NONNULL = YES;
				CLANG_ANALYZER_NUMBER_OBJECT_CONVERSION = YES_AGGRESSIVE;
				CLANG_CXX_LANGUAGE_STANDARD = "gnu++14";
				CLANG_CXX_LIBRARY = "libc++";
				CLANG_ENABLE_MODULES = YES;
				CLANG_ENABLE_OBJC_ARC = YES;
				CLANG_ENABLE_OBJC_WEAK = YES;
				CLANG_WARN_BLOCK_CAPTURE_AUTORELEASING = YES;
				CLANG_WARN_BOOL_CONVERSION = YES;
				CLANG_WARN_COMMA = YES;
				CLANG_WARN_CONSTANT_CONVERSION = YES;
				CLANG_WARN_DEPRECATED_OBJC_IMPLEMENTATIONS = YES;
				CLANG_WARN_DIRECT_OBJC_ISA_USAGE = YES_ERROR;
				CLANG_WARN_DOCUMENTATION_COMMENTS = YES;
				CLANG_WARN_EMPTY_BODY = YES;
				CLANG_WARN_ENUM_CONVERSION = YES;
				CLANG_WARN_INFINITE_RECURSION = YES;
				CLANG_WARN_INT_CONVERSION = YES;
				CLANG_WARN_NON_LITERAL_NULL_CONVERSION = YES;
				CLANG_WARN_OBJC_IMPLICIT_RETAIN_SELF = YES;
				CLANG_WARN_OBJC_LITERAL_CONVERSION = YES;
				CLANG_WARN_OBJC_ROOT_CLASS = YES_ERROR;
				CLANG_WARN_QUOTED_INCLUDE_IN_FRAMEWORK_HEADER = YES;
				CLANG_WARN_RANGE_LOOP_ANALYSIS = YES;
				CLANG_WARN_STRICT_PROTOTYPES = YES;
				CLANG_WARN_SUSPICIOUS_MOVE = YES;
				CLANG_WARN_UNGUARDED_AVAILABILITY = YES_AGGRESSIVE;
				CLANG_WARN_UNREACHABLE_CODE = YES;
				CLANG_WARN__DUPLICATE_METHOD_MATCH = YES;
				COPY_PHASE_STRIP = NO;
				DEBUG_INFORMATION_FORMAT = "dwarf-with-dsym";
				ENABLE_NS_ASSERTIONS = NO;
				ENABLE_STRICT_OBJC_MSGSEND = YES;
				GCC_C_LANGUAGE_STANDARD = gnu11;
				GCC_NO_COMMON_BLOCKS = YES;
				GCC_WARN_64_TO_32_BIT_CONVERSION = YES;
				GCC_WARN_ABOUT_RETURN_TYPE = YES_ERROR;
				GCC_WARN_UNDECLARED_SELECTOR = YES;
				GCC_WARN_UNINITIALIZED_AUTOS = YES_AGGRESSIVE;
				GCC_WARN_UNUSED_FUNCTION = YES;
				GCC_WARN_UNUSED_VARIABLE = YES;
				IPHONEOS_DEPLOYMENT_TARGET = 14.5;
				MTL_ENABLE_DEBUG_INFO = NO;
				MTL_FAST_MATH = YES;
				SDKROOT = iphoneos;
				SWIFT_COMPILATION_MODE = wholemodule;
				SWIFT_OPTIMIZATION_LEVEL = "-O";
				VALIDATE_PRODUCT = YES;
			};
			name = Release;
		};
		5EFCD63E26F0F292009A09F4 /* Debug */ = {
			isa = XCBuildConfiguration;
			buildSettings = {
				ASSETCATALOG_COMPILER_APPICON_NAME = AppIcon;
				ASSETCATALOG_COMPILER_GLOBAL_ACCENT_COLOR_NAME = AccentColor;
				CODE_SIGN_STYLE = Automatic;
				DEVELOPMENT_TEAM = 939KD425D9;
				INFOPLIST_FILE = Lesson2Xcode/Info.plist;
				LD_RUNPATH_SEARCH_PATHS = (
					"$(inherited)",
					"@executable_path/Frameworks",
				);
				PRODUCT_BUNDLE_IDENTIFIER = com.itis.Lesson2Xcode;
				PRODUCT_NAME = "$(TARGET_NAME)";
				SWIFT_VERSION = 5.0;
				TARGETED_DEVICE_FAMILY = "1,2";
			};
			name = Debug;
		};
		5EFCD63F26F0F292009A09F4 /* Release */ = {
			isa = XCBuildConfiguration;
			buildSettings = {
				ASSETCATALOG_COMPILER_APPICON_NAME = AppIcon;
				ASSETCATALOG_COMPILER_GLOBAL_ACCENT_COLOR_NAME = AccentColor;
				CODE_SIGN_STYLE = Automatic;
				DEVELOPMENT_TEAM = 939KD425D9;
				INFOPLIST_FILE = Lesson2Xcode/Info.plist;
				LD_RUNPATH_SEARCH_PATHS = (
					"$(inherited)",
					"@executable_path/Frameworks",
				);
				PRODUCT_BUNDLE_IDENTIFIER = com.itis.Lesson2Xcode;
				PRODUCT_NAME = "$(TARGET_NAME)";
				SWIFT_VERSION = 5.0;
				TARGETED_DEVICE_FAMILY = "1,2";
			};
			name = Release;
		};
/* End XCBuildConfiguration section */

/* Begin XCConfigurationList section */
		5EFCD62426F0F28F009A09F4 /* Build configuration list for PBXProject "Lesson2Xcode" */ = {
			isa = XCConfigurationList;
			buildConfigurations = (
				5EFCD63B26F0F292009A09F4 /* Debug */,
				5EFCD63C26F0F292009A09F4 /* Release */,
			);
			defaultConfigurationIsVisible = 0;
			defaultConfigurationName = Release;
		};
		5EFCD63D26F0F292009A09F4 /* Build configuration list for PBXNativeTarget "Lesson2Xcode" */ = {
			isa = XCConfigurationList;
			buildConfigurations = (
				5EFCD63E26F0F292009A09F4 /* Debug */,
				5EFCD63F26F0F292009A09F4 /* Release */,
			);
			defaultConfigurationIsVisible = 0;
			defaultConfigurationName = Release;
		};
/* End XCConfigurationList section */
	};
	rootObject = 5EFCD62126F0F28F009A09F4 /* Project object */;
}
