// !$*UTF8*$!
{
	archiveVersion = 1;
	classes = {
	};
	objectVersion = 50;
	objects = {

/* Begin PBXBuildFile section */
		A2442CD326F64C64000F1A75 /* InstagramViewController.swift in Sources */ = {isa = PBXBuildFile; fileRef = A2442CD226F64C64000F1A75 /* InstagramViewController.swift */; };
		A258164726F6460C00294AD5 /* ComponentsViewController.swift in Sources */ = {isa = PBXBuildFile; fileRef = A258164626F6460C00294AD5 /* ComponentsViewController.swift */; };
		A269538326F4994300EC9013 /* AppDelegate.swift in Sources */ = {isa = PBXBuildFile; fileRef = A269538226F4994300EC9013 /* AppDelegate.swift */; };
		A269538526F4994300EC9013 /* SceneDelegate.swift in Sources */ = {isa = PBXBuildFile; fileRef = A269538426F4994300EC9013 /* SceneDelegate.swift */; };
		A269538726F4994300EC9013 /* ViewController.swift in Sources */ = {isa = PBXBuildFile; fileRef = A269538626F4994300EC9013 /* ViewController.swift */; };
		A269538A26F4994300EC9013 /* Main.storyboard in Resources */ = {isa = PBXBuildFile; fileRef = A269538826F4994300EC9013 /* Main.storyboard */; };
		A269538C26F4994400EC9013 /* Assets.xcassets in Resources */ = {isa = PBXBuildFile; fileRef = A269538B26F4994400EC9013 /* Assets.xcassets */; };
		A269538F26F4994400EC9013 /* LaunchScreen.storyboard in Resources */ = {isa = PBXBuildFile; fileRef = A269538D26F4994400EC9013 /* LaunchScreen.storyboard */; };
/* End PBXBuildFile section */

/* Begin PBXFileReference section */
		A2442CD226F64C64000F1A75 /* InstagramViewController.swift */ = {isa = PBXFileReference; lastKnownFileType = sourcecode.swift; path = InstagramViewController.swift; sourceTree = "<group>"; };
		A258164626F6460C00294AD5 /* ComponentsViewController.swift */ = {isa = PBXFileReference; lastKnownFileType = sourcecode.swift; path = ComponentsViewController.swift; sourceTree = "<group>"; };
		A269537F26F4994300EC9013 /* SecondLessonHomework.app */ = {isa = PBXFileReference; explicitFileType = wrapper.application; includeInIndex = 0; path = SecondLessonHomework.app; sourceTree = BUILT_PRODUCTS_DIR; };
		A269538226F4994300EC9013 /* AppDelegate.swift */ = {isa = PBXFileReference; lastKnownFileType = sourcecode.swift; path = AppDelegate.swift; sourceTree = "<group>"; };
		A269538426F4994300EC9013 /* SceneDelegate.swift */ = {isa = PBXFileReference; lastKnownFileType = sourcecode.swift; path = SceneDelegate.swift; sourceTree = "<group>"; };
		A269538626F4994300EC9013 /* ViewController.swift */ = {isa = PBXFileReference; lastKnownFileType = sourcecode.swift; path = ViewController.swift; sourceTree = "<group>"; };
		A269538926F4994300EC9013 /* Base */ = {isa = PBXFileReference; lastKnownFileType = file.storyboard; name = Base; path = Base.lproj/Main.storyboard; sourceTree = "<group>"; };
		A269538B26F4994400EC9013 /* Assets.xcassets */ = {isa = PBXFileReference; lastKnownFileType = folder.assetcatalog; path = Assets.xcassets; sourceTree = "<group>"; };
		A269538E26F4994400EC9013 /* Base */ = {isa = PBXFileReference; lastKnownFileType = file.storyboard; name = Base; path = Base.lproj/LaunchScreen.storyboard; sourceTree = "<group>"; };
		A269539026F4994400EC9013 /* Info.plist */ = {isa = PBXFileReference; lastKnownFileType = text.plist.xml; path = Info.plist; sourceTree = "<group>"; };
/* End PBXFileReference section */

/* Begin PBXFrameworksBuildPhase section */
		A269537C26F4994300EC9013 /* Frameworks */ = {
			isa = PBXFrameworksBuildPhase;
			buildActionMask = 2147483647;
			files = (
			);
			runOnlyForDeploymentPostprocessing = 0;
		};
/* End PBXFrameworksBuildPhase section */

/* Begin PBXGroup section */
		A269537626F4994300EC9013 = {
			isa = PBXGroup;
			children = (
				A269538126F4994300EC9013 /* SecondLessonHomework */,
				A269538026F4994300EC9013 /* Products */,
			);
			sourceTree = "<group>";
		};
		A269538026F4994300EC9013 /* Products */ = {
			isa = PBXGroup;
			children = (
				A269537F26F4994300EC9013 /* SecondLessonHomework.app */,
			);
			name = Products;
			sourceTree = "<group>";
		};
		A269538126F4994300EC9013 /* SecondLessonHomework */ = {
			isa = PBXGroup;
			children = (
				A269538226F4994300EC9013 /* AppDelegate.swift */,
				A269538426F4994300EC9013 /* SceneDelegate.swift */,
				A269538626F4994300EC9013 /* ViewController.swift */,
				A258164626F6460C00294AD5 /* ComponentsViewController.swift */,
				A2442CD226F64C64000F1A75 /* InstagramViewController.swift */,
				A269538826F4994300EC9013 /* Main.storyboard */,
				A269538B26F4994400EC9013 /* Assets.xcassets */,
				A269538D26F4994400EC9013 /* LaunchScreen.storyboard */,
				A269539026F4994400EC9013 /* Info.plist */,
			);
			path = SecondLessonHomework;
			sourceTree = "<group>";
		};
/* End PBXGroup section */

/* Begin PBXNativeTarget section */
		A269537E26F4994300EC9013 /* SecondLessonHomework */ = {
			isa = PBXNativeTarget;
			buildConfigurationList = A269539326F4994400EC9013 /* Build configuration list for PBXNativeTarget "SecondLessonHomework" */;
			buildPhases = (
				A269537B26F4994300EC9013 /* Sources */,
				A269537C26F4994300EC9013 /* Frameworks */,
				A269537D26F4994300EC9013 /* Resources */,
			);
			buildRules = (
			);
			dependencies = (
			);
			name = SecondLessonHomework;
			productName = SecondLessonHomework;
			productReference = A269537F26F4994300EC9013 /* SecondLessonHomework.app */;
			productType = "com.apple.product-type.application";
		};
/* End PBXNativeTarget section */

/* Begin PBXProject section */
		A269537726F4994300EC9013 /* Project object */ = {
			isa = PBXProject;
			attributes = {
				LastSwiftUpdateCheck = 1250;
				LastUpgradeCheck = 1250;
				TargetAttributes = {
					A269537E26F4994300EC9013 = {
						CreatedOnToolsVersion = 12.5.1;
					};
				};
			};
			buildConfigurationList = A269537A26F4994300EC9013 /* Build configuration list for PBXProject "SecondLessonHomework" */;
			compatibilityVersion = "Xcode 9.3";
			developmentRegion = en;
			hasScannedForEncodings = 0;
			knownRegions = (
				en,
				Base,
			);
			mainGroup = A269537626F4994300EC9013;
			productRefGroup = A269538026F4994300EC9013 /* Products */;
			projectDirPath = "";
			projectRoot = "";
			targets = (
				A269537E26F4994300EC9013 /* SecondLessonHomework */,
			);
		};
/* End PBXProject section */

/* Begin PBXResourcesBuildPhase section */
		A269537D26F4994300EC9013 /* Resources */ = {
			isa = PBXResourcesBuildPhase;
			buildActionMask = 2147483647;
			files = (
				A269538F26F4994400EC9013 /* LaunchScreen.storyboard in Resources */,
				A269538C26F4994400EC9013 /* Assets.xcassets in Resources */,
				A269538A26F4994300EC9013 /* Main.storyboard in Resources */,
			);
			runOnlyForDeploymentPostprocessing = 0;
		};
/* End PBXResourcesBuildPhase section */

/* Begin PBXSourcesBuildPhase section */
		A269537B26F4994300EC9013 /* Sources */ = {
			isa = PBXSourcesBuildPhase;
			buildActionMask = 2147483647;
			files = (
				A269538726F4994300EC9013 /* ViewController.swift in Sources */,
				A269538326F4994300EC9013 /* AppDelegate.swift in Sources */,
				A258164726F6460C00294AD5 /* ComponentsViewController.swift in Sources */,
				A269538526F4994300EC9013 /* SceneDelegate.swift in Sources */,
				A2442CD326F64C64000F1A75 /* InstagramViewController.swift in Sources */,
			);
			runOnlyForDeploymentPostprocessing = 0;
		};
/* End PBXSourcesBuildPhase section */

/* Begin PBXVariantGroup section */
		A269538826F4994300EC9013 /* Main.storyboard */ = {
			isa = PBXVariantGroup;
			children = (
				A269538926F4994300EC9013 /* Base */,
			);
			name = Main.storyboard;
			sourceTree = "<group>";
		};
		A269538D26F4994400EC9013 /* LaunchScreen.storyboard */ = {
			isa = PBXVariantGroup;
			children = (
				A269538E26F4994400EC9013 /* Base */,
			);
			name = LaunchScreen.storyboard;
			sourceTree = "<group>";
		};
/* End PBXVariantGroup section */

/* Begin XCBuildConfiguration section */
		A269539126F4994400EC9013 /* Debug */ = {
			isa = XCBuildConfiguration;
			buildSettings = {
				ALWAYS_SEARCH_USER_PATHS = NO;
				CLANG_ANALYZER_NONNULL = YES;
				CLANG_ANALYZER_NUMBER_OBJECT_CONVERSION = YES_AGGRESSIVE;
				CLANG_CXX_LANGUAGE_STANDARD = "gnu++14";
				CLANG_CXX_LIBRARY = "libc++";
				CLANG_ENABLE_MODULES = YES;
				CLANG_ENABLE_OBJC_ARC = YES;
				CLANG_ENABLE_OBJC_WEAK = YES;
				CLANG_WARN_BLOCK_CAPTURE_AUTORELEASING = YES;
				CLANG_WARN_BOOL_CONVERSION = YES;
				CLANG_WARN_COMMA = YES;
				CLANG_WARN_CONSTANT_CONVERSION = YES;
				CLANG_WARN_DEPRECATED_OBJC_IMPLEMENTATIONS = YES;
				CLANG_WARN_DIRECT_OBJC_ISA_USAGE = YES_ERROR;
				CLANG_WARN_DOCUMENTATION_COMMENTS = YES;
				CLANG_WARN_EMPTY_BODY = YES;
				CLANG_WARN_ENUM_CONVERSION = YES;
				CLANG_WARN_INFINITE_RECURSION = YES;
				CLANG_WARN_INT_CONVERSION = YES;
				CLANG_WARN_NON_LITERAL_NULL_CONVERSION = YES;
				CLANG_WARN_OBJC_IMPLICIT_RETAIN_SELF = YES;
				CLANG_WARN_OBJC_LITERAL_CONVERSION = YES;
				CLANG_WARN_OBJC_ROOT_CLASS = YES_ERROR;
				CLANG_WARN_QUOTED_INCLUDE_IN_FRAMEWORK_HEADER = YES;
				CLANG_WARN_RANGE_LOOP_ANALYSIS = YES;
				CLANG_WARN_STRICT_PROTOTYPES = YES;
				CLANG_WARN_SUSPICIOUS_MOVE = YES;
				CLANG_WARN_UNGUARDED_AVAILABILITY = YES_AGGRESSIVE;
				CLANG_WARN_UNREACHABLE_CODE = YES;
				CLANG_WARN__DUPLICATE_METHOD_MATCH = YES;
				COPY_PHASE_STRIP = NO;
				DEBUG_INFORMATION_FORMAT = dwarf;
				ENABLE_STRICT_OBJC_MSGSEND = YES;
				ENABLE_TESTABILITY = YES;
				GCC_C_LANGUAGE_STANDARD = gnu11;
				GCC_DYNAMIC_NO_PIC = NO;
				GCC_NO_COMMON_BLOCKS = YES;
				GCC_OPTIMIZATION_LEVEL = 0;
				GCC_PREPROCESSOR_DEFINITIONS = (
					"DEBUG=1",
					"$(inherited)",
				);
				GCC_WARN_64_TO_32_BIT_CONVERSION = YES;
				GCC_WARN_ABOUT_RETURN_TYPE = YES_ERROR;
				GCC_WARN_UNDECLARED_SELECTOR = YES;
				GCC_WARN_UNINITIALIZED_AUTOS = YES_AGGRESSIVE;
				GCC_WARN_UNUSED_FUNCTION = YES;
				GCC_WARN_UNUSED_VARIABLE = YES;
				IPHONEOS_DEPLOYMENT_TARGET = 14.5;
				MTL_ENABLE_DEBUG_INFO = INCLUDE_SOURCE;
				MTL_FAST_MATH = YES;
				ONLY_ACTIVE_ARCH = YES;
				SDKROOT = iphoneos;
				SWIFT_ACTIVE_COMPILATION_CONDITIONS = DEBUG;
				SWIFT_OPTIMIZATION_LEVEL = "-Onone";
			};
			name = Debug;
		};
		A269539226F4994400EC9013 /* Release */ = {
			isa = XCBuildConfiguration;
			buildSettings = {
				ALWAYS_SEARCH_USER_PATHS = NO;
				CLANG_ANALYZER_NONNULL = YES;
				CLANG_ANALYZER_NUMBER_OBJECT_CONVERSION = YES_AGGRESSIVE;
				CLANG_CXX_LANGUAGE_STANDARD = "gnu++14";
				CLANG_CXX_LIBRARY = "libc++";
				CLANG_ENABLE_MODULES = YES;
				CLANG_ENABLE_OBJC_ARC = YES;
				CLANG_ENABLE_OBJC_WEAK = YES;
				CLANG_WARN_BLOCK_CAPTURE_AUTORELEASING = YES;
				CLANG_WARN_BOOL_CONVERSION = YES;
				CLANG_WARN_COMMA = YES;
				CLANG_WARN_CONSTANT_CONVERSION = YES;
				CLANG_WARN_DEPRECATED_OBJC_IMPLEMENTATIONS = YES;
				CLANG_WARN_DIRECT_OBJC_ISA_USAGE = YES_ERROR;
				CLANG_WARN_DOCUMENTATION_COMMENTS = YES;
				CLANG_WARN_EMPTY_BODY = YES;
				CLANG_WARN_ENUM_CONVERSION = YES;
				CLANG_WARN_INFINITE_RECURSION = YES;
				CLANG_WARN_INT_CONVERSION = YES;
				CLANG_WARN_NON_LITERAL_NULL_CONVERSION = YES;
				CLANG_WARN_OBJC_IMPLICIT_RETAIN_SELF = YES;
				CLANG_WARN_OBJC_LITERAL_CONVERSION = YES;
				CLANG_WARN_OBJC_ROOT_CLASS = YES_ERROR;
				CLANG_WARN_QUOTED_INCLUDE_IN_FRAMEWORK_HEADER = YES;
				CLANG_WARN_RANGE_LOOP_ANALYSIS = YES;
				CLANG_WARN_STRICT_PROTOTYPES = YES;
				CLANG_WARN_SUSPICIOUS_MOVE = YES;
				CLANG_WARN_UNGUARDED_AVAILABILITY = YES_AGGRESSIVE;
				CLANG_WARN_UNREACHABLE_CODE = YES;
				CLANG_WARN__DUPLICATE_METHOD_MATCH = YES;
				COPY_PHASE_STRIP = NO;
				DEBUG_INFORMATION_FORMAT = "dwarf-with-dsym";
				ENABLE_NS_ASSERTIONS = NO;
				ENABLE_STRICT_OBJC_MSGSEND = YES;
				GCC_C_LANGUAGE_STANDARD = gnu11;
				GCC_NO_COMMON_BLOCKS = YES;
				GCC_WARN_64_TO_32_BIT_CONVERSION = YES;
				GCC_WARN_ABOUT_RETURN_TYPE = YES_ERROR;
				GCC_WARN_UNDECLARED_SELECTOR = YES;
				GCC_WARN_UNINITIALIZED_AUTOS = YES_AGGRESSIVE;
				GCC_WARN_UNUSED_FUNCTION = YES;
				GCC_WARN_UNUSED_VARIABLE = YES;
				IPHONEOS_DEPLOYMENT_TARGET = 14.5;
				MTL_ENABLE_DEBUG_INFO = NO;
				MTL_FAST_MATH = YES;
				SDKROOT = iphoneos;
				SWIFT_COMPILATION_MODE = wholemodule;
				SWIFT_OPTIMIZATION_LEVEL = "-O";
				VALIDATE_PRODUCT = YES;
			};
			name = Release;
		};
		A269539426F4994400EC9013 /* Debug */ = {
			isa = XCBuildConfiguration;
			buildSettings = {
				ASSETCATALOG_COMPILER_APPICON_NAME = AppIcon;
				ASSETCATALOG_COMPILER_GLOBAL_ACCENT_COLOR_NAME = AccentColor;
				CODE_SIGN_STYLE = Automatic;
				DEVELOPMENT_TEAM = S75KQYF72G;
				INFOPLIST_FILE = SecondLessonHomework/Info.plist;
				LD_RUNPATH_SEARCH_PATHS = (
					"$(inherited)",
					"@executable_path/Frameworks",
				);
				PRODUCT_BUNDLE_IDENTIFIER = ITIS.SecondLessonHomework;
				PRODUCT_NAME = "$(TARGET_NAME)";
				SWIFT_VERSION = 5.0;
				TARGETED_DEVICE_FAMILY = 1;
			};
			name = Debug;
		};
		A269539526F4994400EC9013 /* Release */ = {
			isa = XCBuildConfiguration;
			buildSettings = {
				ASSETCATALOG_COMPILER_APPICON_NAME = AppIcon;
				ASSETCATALOG_COMPILER_GLOBAL_ACCENT_COLOR_NAME = AccentColor;
				CODE_SIGN_STYLE = Automatic;
				DEVELOPMENT_TEAM = S75KQYF72G;
				INFOPLIST_FILE = SecondLessonHomework/Info.plist;
				LD_RUNPATH_SEARCH_PATHS = (
					"$(inherited)",
					"@executable_path/Frameworks",
				);
				PRODUCT_BUNDLE_IDENTIFIER = ITIS.SecondLessonHomework;
				PRODUCT_NAME = "$(TARGET_NAME)";
				SWIFT_VERSION = 5.0;
				TARGETED_DEVICE_FAMILY = 1;
			};
			name = Release;
		};
/* End XCBuildConfiguration section */

/* Begin XCConfigurationList section */
		A269537A26F4994300EC9013 /* Build configuration list for PBXProject "SecondLessonHomework" */ = {
			isa = XCConfigurationList;
			buildConfigurations = (
				A269539126F4994400EC9013 /* Debug */,
				A269539226F4994400EC9013 /* Release */,
			);
			defaultConfigurationIsVisible = 0;
			defaultConfigurationName = Release;
		};
		A269539326F4994400EC9013 /* Build configuration list for PBXNativeTarget "SecondLessonHomework" */ = {
			isa = XCConfigurationList;
			buildConfigurations = (
				A269539426F4994400EC9013 /* Debug */,
				A269539526F4994400EC9013 /* Release */,
			);
			defaultConfigurationIsVisible = 0;
			defaultConfigurationName = Release;
		};
/* End XCConfigurationList section */
	};
	rootObject = A269537726F4994300EC9013 /* Project object */;
}
